// !$*UTF8*$!
{
	archiveVersion = 1;
	classes = {
	};
	objectVersion = 46;
	objects = {

/* Begin PBXBuildFile section */
		633711DD1BEFF227000716AA /* CommandListViewController.swift in Sources */ = {isa = PBXBuildFile; fileRef = 633711DC1BEFF227000716AA /* CommandListViewController.swift */; };
		7110DA501BEEC14800118AE4 /* CommandTableViewController.swift in Sources */ = {isa = PBXBuildFile; fileRef = 7110DA4F1BEEC14800118AE4 /* CommandTableViewController.swift */; };
		716044781B9BF1E600323E6E /* AppDelegate.swift in Sources */ = {isa = PBXBuildFile; fileRef = 716044771B9BF1E600323E6E /* AppDelegate.swift */; };
		7160447A1B9BF1E600323E6E /* FirstViewController.swift in Sources */ = {isa = PBXBuildFile; fileRef = 716044791B9BF1E600323E6E /* FirstViewController.swift */; };
		7160447C1B9BF1E600323E6E /* FAQViewController.swift in Sources */ = {isa = PBXBuildFile; fileRef = 7160447B1B9BF1E600323E6E /* FAQViewController.swift */; };
		7160447F1B9BF1E600323E6E /* Main.storyboard in Resources */ = {isa = PBXBuildFile; fileRef = 7160447D1B9BF1E600323E6E /* Main.storyboard */; };
		716044811B9BF1E600323E6E /* Images.xcassets in Resources */ = {isa = PBXBuildFile; fileRef = 716044801B9BF1E600323E6E /* Images.xcassets */; };
		716044841B9BF1E600323E6E /* LaunchScreen.xib in Resources */ = {isa = PBXBuildFile; fileRef = 716044821B9BF1E600323E6E /* LaunchScreen.xib */; };
		716044901B9BF1E700323E6E /* MyConfessorTests.swift in Sources */ = {isa = PBXBuildFile; fileRef = 7160448F1B9BF1E700323E6E /* MyConfessorTests.swift */; };
		71612FAA1BB4DDA100B2B6B5 /* UIKit.framework in Frameworks */ = {isa = PBXBuildFile; fileRef = 718555681BB38EEC00DC7D75 /* UIKit.framework */; };
		71612FAE1BB4E2FB00B2B6B5 /* AudioToolbox.framework in Frameworks */ = {isa = PBXBuildFile; fileRef = 71612FAD1BB4E2FB00B2B6B5 /* AudioToolbox.framework */; };
		71612FB01BB4E30B00B2B6B5 /* CFNetwork.framework in Frameworks */ = {isa = PBXBuildFile; fileRef = 71612FAF1BB4E30B00B2B6B5 /* CFNetwork.framework */; };
		71612FB21BB4E31A00B2B6B5 /* CoreLocation.framework in Frameworks */ = {isa = PBXBuildFile; fileRef = 71612FB11BB4E31A00B2B6B5 /* CoreLocation.framework */; };
		71612FB41BB4E32800B2B6B5 /* QuartzCore.framework in Frameworks */ = {isa = PBXBuildFile; fileRef = 71612FB31BB4E32800B2B6B5 /* QuartzCore.framework */; };
		71612FB61BB4E33300B2B6B5 /* StoreKit.framework in Frameworks */ = {isa = PBXBuildFile; fileRef = 71612FB51BB4E33300B2B6B5 /* StoreKit.framework */; };
		71612FB81BB4E34300B2B6B5 /* SystemConfiguration.framework in Frameworks */ = {isa = PBXBuildFile; fileRef = 71612FB71BB4E34300B2B6B5 /* SystemConfiguration.framework */; };
		71612FBA1BB4E37A00B2B6B5 /* libsqlite3.tbd in Frameworks */ = {isa = PBXBuildFile; fileRef = 71612FB91BB4E37A00B2B6B5 /* libsqlite3.tbd */; };
		71612FBC1BB4E3D000B2B6B5 /* Social.framework in Frameworks */ = {isa = PBXBuildFile; fileRef = 71612FBB1BB4E3D000B2B6B5 /* Social.framework */; };
		718DC9E71B9FB5C800E0851D /* ConfessionGuide.swift in Sources */ = {isa = PBXBuildFile; fileRef = 718DC9E61B9FB5C800E0851D /* ConfessionGuide.swift */; };
		71E235F51BC9E334007B3014 /* UIKit.framework in Frameworks */ = {isa = PBXBuildFile; fileRef = 718555681BB38EEC00DC7D75 /* UIKit.framework */; };
		71E235F61BC9E350007B3014 /* SystemConfiguration.framework in Frameworks */ = {isa = PBXBuildFile; fileRef = 71612FB71BB4E34300B2B6B5 /* SystemConfiguration.framework */; };
		71E235F71BC9E37D007B3014 /* CoreLocation.framework in Frameworks */ = {isa = PBXBuildFile; fileRef = 71612FB11BB4E31A00B2B6B5 /* CoreLocation.framework */; };
		71EBD1771BBDCE2D00A73930 /* Foundation.framework in Frameworks */ = {isa = PBXBuildFile; fileRef = 71EBD1761BBDCE2D00A73930 /* Foundation.framework */; };
		71EBD1791BBDCEC400A73930 /* libz.tbd in Frameworks */ = {isa = PBXBuildFile; fileRef = 71EBD1781BBDCEC400A73930 /* libz.tbd */; };
		71EBD17B1BBDCFDE00A73930 /* CoreGraphics.framework in Frameworks */ = {isa = PBXBuildFile; fileRef = 71EBD17A1BBDCFDE00A73930 /* CoreGraphics.framework */; };
		71EBD17D1BBDD00800A73930 /* Security.framework in Frameworks */ = {isa = PBXBuildFile; fileRef = 71EBD17C1BBDD00800A73930 /* Security.framework */; };
		71EBD17F1BBDD09900A73930 /* Accounts.framework in Frameworks */ = {isa = PBXBuildFile; fileRef = 71EBD17E1BBDD09900A73930 /* Accounts.framework */; };
		71ED19791BB9F64100A892FF /* Password.swift in Sources */ = {isa = PBXBuildFile; fileRef = 71ED19781BB9F64100A892FF /* Password.swift */; };
		71ED198F1BBA118400A892FF /* Bolts.framework in Frameworks */ = {isa = PBXBuildFile; fileRef = 71ED198E1BBA118400A892FF /* Bolts.framework */; };
		71ED19901BBA118400A892FF /* Bolts.framework in Frameworks */ = {isa = PBXBuildFile; fileRef = 71ED198E1BBA118400A892FF /* Bolts.framework */; };
		71ED19921BBA118F00A892FF /* Parse.framework in Frameworks */ = {isa = PBXBuildFile; fileRef = 71ED19911BBA118F00A892FF /* Parse.framework */; };
		71ED19931BBA118F00A892FF /* Parse.framework in Frameworks */ = {isa = PBXBuildFile; fileRef = 71ED19911BBA118F00A892FF /* Parse.framework */; };
		71ED19961BBB6C0900A892FF /* NoteTableViewCell.swift in Sources */ = {isa = PBXBuildFile; fileRef = 71ED19941BBB6C0900A892FF /* NoteTableViewCell.swift */; };
		71ED19971BBB6C0900A892FF /* NoteTableViewCell.xib in Resources */ = {isa = PBXBuildFile; fileRef = 71ED19951BBB6C0900A892FF /* NoteTableViewCell.xib */; };
		71F0C5171BBC5253005C1A9B /* StatusViewController.swift in Sources */ = {isa = PBXBuildFile; fileRef = 71F0C5161BBC5253005C1A9B /* StatusViewController.swift */; };
/* End PBXBuildFile section */

/* Begin PBXContainerItemProxy section */
		7160448A1B9BF1E600323E6E /* PBXContainerItemProxy */ = {
			isa = PBXContainerItemProxy;
			containerPortal = 7160446A1B9BF1E500323E6E /* Project object */;
			proxyType = 1;
			remoteGlobalIDString = 716044711B9BF1E600323E6E;
			remoteInfo = MyConfessor;
		};
/* End PBXContainerItemProxy section */

/* Begin PBXFileReference section */
		633711DC1BEFF227000716AA /* CommandListViewController.swift */ = {isa = PBXFileReference; fileEncoding = 4; lastKnownFileType = sourcecode.swift; path = CommandListViewController.swift; sourceTree = "<group>"; };
		7110DA4F1BEEC14800118AE4 /* CommandTableViewController.swift */ = {isa = PBXFileReference; fileEncoding = 4; lastKnownFileType = sourcecode.swift; path = CommandTableViewController.swift; sourceTree = "<group>"; };
		716044721B9BF1E600323E6E /* MyConfessor.app */ = {isa = PBXFileReference; explicitFileType = wrapper.application; includeInIndex = 0; path = MyConfessor.app; sourceTree = BUILT_PRODUCTS_DIR; };
		716044761B9BF1E600323E6E /* Info.plist */ = {isa = PBXFileReference; lastKnownFileType = text.plist.xml; path = Info.plist; sourceTree = "<group>"; };
		716044771B9BF1E600323E6E /* AppDelegate.swift */ = {isa = PBXFileReference; lastKnownFileType = sourcecode.swift; path = AppDelegate.swift; sourceTree = "<group>"; };
		716044791B9BF1E600323E6E /* FirstViewController.swift */ = {isa = PBXFileReference; lastKnownFileType = sourcecode.swift; path = FirstViewController.swift; sourceTree = "<group>"; };
		7160447B1B9BF1E600323E6E /* FAQViewController.swift */ = {isa = PBXFileReference; lastKnownFileType = sourcecode.swift; path = FAQViewController.swift; sourceTree = "<group>"; };
		7160447E1B9BF1E600323E6E /* Base */ = {isa = PBXFileReference; lastKnownFileType = file.storyboard; name = Base; path = Base.lproj/Main.storyboard; sourceTree = "<group>"; };
		716044801B9BF1E600323E6E /* Images.xcassets */ = {isa = PBXFileReference; lastKnownFileType = folder.assetcatalog; path = Images.xcassets; sourceTree = "<group>"; };
		716044831B9BF1E600323E6E /* Base */ = {isa = PBXFileReference; lastKnownFileType = file.xib; name = Base; path = Base.lproj/LaunchScreen.xib; sourceTree = "<group>"; };
		716044891B9BF1E600323E6E /* MyConfessorTests.xctest */ = {isa = PBXFileReference; explicitFileType = wrapper.cfbundle; includeInIndex = 0; path = MyConfessorTests.xctest; sourceTree = BUILT_PRODUCTS_DIR; };
		7160448E1B9BF1E700323E6E /* Info.plist */ = {isa = PBXFileReference; lastKnownFileType = text.plist.xml; path = Info.plist; sourceTree = "<group>"; };
		7160448F1B9BF1E700323E6E /* MyConfessorTests.swift */ = {isa = PBXFileReference; lastKnownFileType = sourcecode.swift; path = MyConfessorTests.swift; sourceTree = "<group>"; };
		71612FAD1BB4E2FB00B2B6B5 /* AudioToolbox.framework */ = {isa = PBXFileReference; lastKnownFileType = wrapper.framework; name = AudioToolbox.framework; path = System/Library/Frameworks/AudioToolbox.framework; sourceTree = SDKROOT; };
		71612FAF1BB4E30B00B2B6B5 /* CFNetwork.framework */ = {isa = PBXFileReference; lastKnownFileType = wrapper.framework; name = CFNetwork.framework; path = System/Library/Frameworks/CFNetwork.framework; sourceTree = SDKROOT; };
		71612FB11BB4E31A00B2B6B5 /* CoreLocation.framework */ = {isa = PBXFileReference; lastKnownFileType = wrapper.framework; name = CoreLocation.framework; path = System/Library/Frameworks/CoreLocation.framework; sourceTree = SDKROOT; };
		71612FB31BB4E32800B2B6B5 /* QuartzCore.framework */ = {isa = PBXFileReference; lastKnownFileType = wrapper.framework; name = QuartzCore.framework; path = System/Library/Frameworks/QuartzCore.framework; sourceTree = SDKROOT; };
		71612FB51BB4E33300B2B6B5 /* StoreKit.framework */ = {isa = PBXFileReference; lastKnownFileType = wrapper.framework; name = StoreKit.framework; path = System/Library/Frameworks/StoreKit.framework; sourceTree = SDKROOT; };
		71612FB71BB4E34300B2B6B5 /* SystemConfiguration.framework */ = {isa = PBXFileReference; lastKnownFileType = wrapper.framework; name = SystemConfiguration.framework; path = System/Library/Frameworks/SystemConfiguration.framework; sourceTree = SDKROOT; };
		71612FB91BB4E37A00B2B6B5 /* libsqlite3.tbd */ = {isa = PBXFileReference; lastKnownFileType = "sourcecode.text-based-dylib-definition"; name = libsqlite3.tbd; path = usr/lib/libsqlite3.tbd; sourceTree = SDKROOT; };
		71612FBB1BB4E3D000B2B6B5 /* Social.framework */ = {isa = PBXFileReference; lastKnownFileType = wrapper.framework; name = Social.framework; path = System/Library/Frameworks/Social.framework; sourceTree = SDKROOT; };
		718555661BB38EDC00DC7D75 /* InterfaceBuilderKit.framework */ = {isa = PBXFileReference; lastKnownFileType = wrapper.framework; name = InterfaceBuilderKit.framework; path = Library/Frameworks/InterfaceBuilderKit.framework; sourceTree = DEVELOPER_DIR; };
		718555681BB38EEC00DC7D75 /* UIKit.framework */ = {isa = PBXFileReference; lastKnownFileType = wrapper.framework; name = UIKit.framework; path = System/Library/Frameworks/UIKit.framework; sourceTree = SDKROOT; };
		7185556A1BB38F4400DC7D75 /* DTPerformanceSession.framework */ = {isa = PBXFileReference; lastKnownFileType = wrapper.framework; name = DTPerformanceSession.framework; path = Library/Frameworks/DTPerformanceSession.framework; sourceTree = DEVELOPER_DIR; };
		718DC9E61B9FB5C800E0851D /* ConfessionGuide.swift */ = {isa = PBXFileReference; fileEncoding = 4; lastKnownFileType = sourcecode.swift; path = ConfessionGuide.swift; sourceTree = "<group>"; };
		71EBD1761BBDCE2D00A73930 /* Foundation.framework */ = {isa = PBXFileReference; lastKnownFileType = wrapper.framework; name = Foundation.framework; path = System/Library/Frameworks/Foundation.framework; sourceTree = SDKROOT; };
		71EBD1781BBDCEC400A73930 /* libz.tbd */ = {isa = PBXFileReference; lastKnownFileType = "sourcecode.text-based-dylib-definition"; name = libz.tbd; path = usr/lib/libz.tbd; sourceTree = SDKROOT; };
		71EBD17A1BBDCFDE00A73930 /* CoreGraphics.framework */ = {isa = PBXFileReference; lastKnownFileType = wrapper.framework; name = CoreGraphics.framework; path = System/Library/Frameworks/CoreGraphics.framework; sourceTree = SDKROOT; };
		71EBD17C1BBDD00800A73930 /* Security.framework */ = {isa = PBXFileReference; lastKnownFileType = wrapper.framework; name = Security.framework; path = System/Library/Frameworks/Security.framework; sourceTree = SDKROOT; };
		71EBD17E1BBDD09900A73930 /* Accounts.framework */ = {isa = PBXFileReference; lastKnownFileType = wrapper.framework; name = Accounts.framework; path = System/Library/Frameworks/Accounts.framework; sourceTree = SDKROOT; };
		71ED19781BB9F64100A892FF /* Password.swift */ = {isa = PBXFileReference; fileEncoding = 4; lastKnownFileType = sourcecode.swift; path = Password.swift; sourceTree = "<group>"; };
		71ED198E1BBA118400A892FF /* Bolts.framework */ = {isa = PBXFileReference; lastKnownFileType = wrapper.framework; path = Bolts.framework; sourceTree = "<group>"; };
		71ED19911BBA118F00A892FF /* Parse.framework */ = {isa = PBXFileReference; lastKnownFileType = wrapper.framework; path = Parse.framework; sourceTree = "<group>"; };
		71ED19941BBB6C0900A892FF /* NoteTableViewCell.swift */ = {isa = PBXFileReference; fileEncoding = 4; lastKnownFileType = sourcecode.swift; path = NoteTableViewCell.swift; sourceTree = "<group>"; };
		71ED19951BBB6C0900A892FF /* NoteTableViewCell.xib */ = {isa = PBXFileReference; fileEncoding = 4; lastKnownFileType = file.xib; path = NoteTableViewCell.xib; sourceTree = "<group>"; };
		71ED199E1BBB96B500A892FF /* MyConfessor_Bridging_Header.h */ = {isa = PBXFileReference; lastKnownFileType = sourcecode.c.h; path = MyConfessor_Bridging_Header.h; sourceTree = SOURCE_ROOT; };
		71F0C5161BBC5253005C1A9B /* StatusViewController.swift */ = {isa = PBXFileReference; fileEncoding = 4; lastKnownFileType = sourcecode.swift; path = StatusViewController.swift; sourceTree = "<group>"; };
/* End PBXFileReference section */

/* Begin PBXFrameworksBuildPhase section */
		7160446F1B9BF1E600323E6E /* Frameworks */ = {
			isa = PBXFrameworksBuildPhase;
			buildActionMask = 2147483647;
			files = (
				71EBD17F1BBDD09900A73930 /* Accounts.framework in Frameworks */,
				71EBD17D1BBDD00800A73930 /* Security.framework in Frameworks */,
				71EBD17B1BBDCFDE00A73930 /* CoreGraphics.framework in Frameworks */,
				71EBD1791BBDCEC400A73930 /* libz.tbd in Frameworks */,
				71EBD1771BBDCE2D00A73930 /* Foundation.framework in Frameworks */,
				71612FAA1BB4DDA100B2B6B5 /* UIKit.framework in Frameworks */,
				71612FBC1BB4E3D000B2B6B5 /* Social.framework in Frameworks */,
				71612FBA1BB4E37A00B2B6B5 /* libsqlite3.tbd in Frameworks */,
				71612FB81BB4E34300B2B6B5 /* SystemConfiguration.framework in Frameworks */,
				71ED198F1BBA118400A892FF /* Bolts.framework in Frameworks */,
				71612FB61BB4E33300B2B6B5 /* StoreKit.framework in Frameworks */,
				71612FB41BB4E32800B2B6B5 /* QuartzCore.framework in Frameworks */,
				71ED19921BBA118F00A892FF /* Parse.framework in Frameworks */,
				71612FB21BB4E31A00B2B6B5 /* CoreLocation.framework in Frameworks */,
				71612FB01BB4E30B00B2B6B5 /* CFNetwork.framework in Frameworks */,
				71612FAE1BB4E2FB00B2B6B5 /* AudioToolbox.framework in Frameworks */,
			);
			runOnlyForDeploymentPostprocessing = 0;
		};
		716044861B9BF1E600323E6E /* Frameworks */ = {
			isa = PBXFrameworksBuildPhase;
			buildActionMask = 2147483647;
			files = (
				71E235F71BC9E37D007B3014 /* CoreLocation.framework in Frameworks */,
				71E235F61BC9E350007B3014 /* SystemConfiguration.framework in Frameworks */,
				71E235F51BC9E334007B3014 /* UIKit.framework in Frameworks */,
				71ED19931BBA118F00A892FF /* Parse.framework in Frameworks */,
				71ED19901BBA118400A892FF /* Bolts.framework in Frameworks */,
			);
			runOnlyForDeploymentPostprocessing = 0;
		};
/* End PBXFrameworksBuildPhase section */

/* Begin PBXGroup section */
		716044691B9BF1E500323E6E = {
			isa = PBXGroup;
			children = (
				71ED19941BBB6C0900A892FF /* NoteTableViewCell.swift */,
				71ED19951BBB6C0900A892FF /* NoteTableViewCell.xib */,
				716044741B9BF1E600323E6E /* MyConfessor */,
				7160448C1B9BF1E600323E6E /* MyConfessorTests */,
				716044731B9BF1E600323E6E /* Products */,
				71612F9F1BB4D52300B2B6B5 /* Frameworks */,
			);
			sourceTree = "<group>";
		};
		716044731B9BF1E600323E6E /* Products */ = {
			isa = PBXGroup;
			children = (
				716044721B9BF1E600323E6E /* MyConfessor.app */,
				716044891B9BF1E600323E6E /* MyConfessorTests.xctest */,
			);
			name = Products;
			sourceTree = "<group>";
		};
		716044741B9BF1E600323E6E /* MyConfessor */ = {
			isa = PBXGroup;
			children = (
				71ED199E1BBB96B500A892FF /* MyConfessor_Bridging_Header.h */,
				716044771B9BF1E600323E6E /* AppDelegate.swift */,
				7110DA4F1BEEC14800118AE4 /* CommandTableViewController.swift */,
				716044791B9BF1E600323E6E /* FirstViewController.swift */,
				7160447B1B9BF1E600323E6E /* FAQViewController.swift */,
				7160447D1B9BF1E600323E6E /* Main.storyboard */,
				71F0C5161BBC5253005C1A9B /* StatusViewController.swift */,
				71ED19781BB9F64100A892FF /* Password.swift */,
				718DC9E61B9FB5C800E0851D /* ConfessionGuide.swift */,
				716044801B9BF1E600323E6E /* Images.xcassets */,
				716044821B9BF1E600323E6E /* LaunchScreen.xib */,
				716044751B9BF1E600323E6E /* Supporting Files */,
				633711DC1BEFF227000716AA /* CommandListViewController.swift */,
			);
			path = MyConfessor;
			sourceTree = "<group>";
		};
		716044751B9BF1E600323E6E /* Supporting Files */ = {
			isa = PBXGroup;
			children = (
				716044761B9BF1E600323E6E /* Info.plist */,
			);
			name = "Supporting Files";
			sourceTree = "<group>";
		};
		7160448C1B9BF1E600323E6E /* MyConfessorTests */ = {
			isa = PBXGroup;
			children = (
				7160448F1B9BF1E700323E6E /* MyConfessorTests.swift */,
				7160448D1B9BF1E700323E6E /* Supporting Files */,
			);
			path = MyConfessorTests;
			sourceTree = "<group>";
		};
		7160448D1B9BF1E700323E6E /* Supporting Files */ = {
			isa = PBXGroup;
			children = (
				7160448E1B9BF1E700323E6E /* Info.plist */,
			);
			name = "Supporting Files";
			sourceTree = "<group>";
		};
		71612F9F1BB4D52300B2B6B5 /* Frameworks */ = {
			isa = PBXGroup;
			children = (
				71EBD17E1BBDD09900A73930 /* Accounts.framework */,
				71EBD17C1BBDD00800A73930 /* Security.framework */,
				71EBD17A1BBDCFDE00A73930 /* CoreGraphics.framework */,
				71EBD1781BBDCEC400A73930 /* libz.tbd */,
				71EBD1761BBDCE2D00A73930 /* Foundation.framework */,
				71ED19911BBA118F00A892FF /* Parse.framework */,
				71ED198E1BBA118400A892FF /* Bolts.framework */,
				71612FBB1BB4E3D000B2B6B5 /* Social.framework */,
				71612FB91BB4E37A00B2B6B5 /* libsqlite3.tbd */,
				71612FB71BB4E34300B2B6B5 /* SystemConfiguration.framework */,
				71612FB51BB4E33300B2B6B5 /* StoreKit.framework */,
				71612FB31BB4E32800B2B6B5 /* QuartzCore.framework */,
				71612FB11BB4E31A00B2B6B5 /* CoreLocation.framework */,
				71612FAF1BB4E30B00B2B6B5 /* CFNetwork.framework */,
				71612FAD1BB4E2FB00B2B6B5 /* AudioToolbox.framework */,
				7185556A1BB38F4400DC7D75 /* DTPerformanceSession.framework */,
				718555681BB38EEC00DC7D75 /* UIKit.framework */,
				718555661BB38EDC00DC7D75 /* InterfaceBuilderKit.framework */,
			);
			name = Frameworks;
			sourceTree = "<group>";
		};
/* End PBXGroup section */

/* Begin PBXNativeTarget section */
		716044711B9BF1E600323E6E /* MyConfessor */ = {
			isa = PBXNativeTarget;
			buildConfigurationList = 716044931B9BF1E700323E6E /* Build configuration list for PBXNativeTarget "MyConfessor" */;
			buildPhases = (
				7160446E1B9BF1E600323E6E /* Sources */,
				7160446F1B9BF1E600323E6E /* Frameworks */,
				716044701B9BF1E600323E6E /* Resources */,
			);
			buildRules = (
			);
			dependencies = (
			);
			name = MyConfessor;
			productName = MyConfessor;
			productReference = 716044721B9BF1E600323E6E /* MyConfessor.app */;
			productType = "com.apple.product-type.application";
		};
		716044881B9BF1E600323E6E /* MyConfessorTests */ = {
			isa = PBXNativeTarget;
			buildConfigurationList = 716044961B9BF1E700323E6E /* Build configuration list for PBXNativeTarget "MyConfessorTests" */;
			buildPhases = (
				716044851B9BF1E600323E6E /* Sources */,
				716044861B9BF1E600323E6E /* Frameworks */,
				716044871B9BF1E600323E6E /* Resources */,
			);
			buildRules = (
			);
			dependencies = (
				7160448B1B9BF1E600323E6E /* PBXTargetDependency */,
			);
			name = MyConfessorTests;
			productName = MyConfessorTests;
			productReference = 716044891B9BF1E600323E6E /* MyConfessorTests.xctest */;
			productType = "com.apple.product-type.bundle.unit-test";
		};
/* End PBXNativeTarget section */

/* Begin PBXProject section */
		7160446A1B9BF1E500323E6E /* Project object */ = {
			isa = PBXProject;
			attributes = {
				LastSwiftMigration = 0700;
				LastSwiftUpdateCheck = 0700;
				LastUpgradeCheck = 0700;
				ORGANIZATIONNAME = "Carmel Heart Media";
				TargetAttributes = {
					716044711B9BF1E600323E6E = {
						CreatedOnToolsVersion = 6.4;
						DevelopmentTeam = 4UV7252NR9;
						LastSwiftMigration = 0820;
					};
					716044881B9BF1E600323E6E = {
						CreatedOnToolsVersion = 6.4;
						LastSwiftMigration = 0820;
						TestTargetID = 716044711B9BF1E600323E6E;
					};
				};
			};
			buildConfigurationList = 7160446D1B9BF1E500323E6E /* Build configuration list for PBXProject "MyConfessor" */;
			compatibilityVersion = "Xcode 3.2";
			developmentRegion = English;
			hasScannedForEncodings = 0;
			knownRegions = (
				en,
				Base,
			);
			mainGroup = 716044691B9BF1E500323E6E;
			productRefGroup = 716044731B9BF1E600323E6E /* Products */;
			projectDirPath = "";
			projectRoot = "";
			targets = (
				716044711B9BF1E600323E6E /* MyConfessor */,
				716044881B9BF1E600323E6E /* MyConfessorTests */,
			);
		};
/* End PBXProject section */

/* Begin PBXResourcesBuildPhase section */
		716044701B9BF1E600323E6E /* Resources */ = {
			isa = PBXResourcesBuildPhase;
			buildActionMask = 2147483647;
			files = (
				7160447F1B9BF1E600323E6E /* Main.storyboard in Resources */,
				716044841B9BF1E600323E6E /* LaunchScreen.xib in Resources */,
				716044811B9BF1E600323E6E /* Images.xcassets in Resources */,
				71ED19971BBB6C0900A892FF /* NoteTableViewCell.xib in Resources */,
			);
			runOnlyForDeploymentPostprocessing = 0;
		};
		716044871B9BF1E600323E6E /* Resources */ = {
			isa = PBXResourcesBuildPhase;
			buildActionMask = 2147483647;
			files = (
			);
			runOnlyForDeploymentPostprocessing = 0;
		};
/* End PBXResourcesBuildPhase section */

/* Begin PBXSourcesBuildPhase section */
		7160446E1B9BF1E600323E6E /* Sources */ = {
			isa = PBXSourcesBuildPhase;
			buildActionMask = 2147483647;
			files = (
				7160447C1B9BF1E600323E6E /* FAQViewController.swift in Sources */,
				718DC9E71B9FB5C800E0851D /* ConfessionGuide.swift in Sources */,
				633711DD1BEFF227000716AA /* CommandListViewController.swift in Sources */,
				7110DA501BEEC14800118AE4 /* CommandTableViewController.swift in Sources */,
				716044781B9BF1E600323E6E /* AppDelegate.swift in Sources */,
				71ED19791BB9F64100A892FF /* Password.swift in Sources */,
				7160447A1B9BF1E600323E6E /* FirstViewController.swift in Sources */,
				71F0C5171BBC5253005C1A9B /* StatusViewController.swift in Sources */,
				71ED19961BBB6C0900A892FF /* NoteTableViewCell.swift in Sources */,
			);
			runOnlyForDeploymentPostprocessing = 0;
		};
		716044851B9BF1E600323E6E /* Sources */ = {
			isa = PBXSourcesBuildPhase;
			buildActionMask = 2147483647;
			files = (
				716044901B9BF1E700323E6E /* MyConfessorTests.swift in Sources */,
			);
			runOnlyForDeploymentPostprocessing = 0;
		};
/* End PBXSourcesBuildPhase section */

/* Begin PBXTargetDependency section */
		7160448B1B9BF1E600323E6E /* PBXTargetDependency */ = {
			isa = PBXTargetDependency;
			target = 716044711B9BF1E600323E6E /* MyConfessor */;
			targetProxy = 7160448A1B9BF1E600323E6E /* PBXContainerItemProxy */;
		};
/* End PBXTargetDependency section */

/* Begin PBXVariantGroup section */
		7160447D1B9BF1E600323E6E /* Main.storyboard */ = {
			isa = PBXVariantGroup;
			children = (
				7160447E1B9BF1E600323E6E /* Base */,
			);
			name = Main.storyboard;
			sourceTree = "<group>";
		};
		716044821B9BF1E600323E6E /* LaunchScreen.xib */ = {
			isa = PBXVariantGroup;
			children = (
				716044831B9BF1E600323E6E /* Base */,
			);
			name = LaunchScreen.xib;
			sourceTree = "<group>";
		};
/* End PBXVariantGroup section */

/* Begin XCBuildConfiguration section */
		716044911B9BF1E700323E6E /* Debug */ = {
			isa = XCBuildConfiguration;
			buildSettings = {
				"ADDITIONAL_SDKS[arch=*]" = "";
				ALWAYS_SEARCH_USER_PATHS = NO;
				CLANG_CXX_LANGUAGE_STANDARD = "gnu++0x";
				CLANG_CXX_LIBRARY = "libc++";
				CLANG_ENABLE_MODULES = YES;
				CLANG_ENABLE_OBJC_ARC = YES;
				CLANG_WARN_BOOL_CONVERSION = YES;
				CLANG_WARN_CONSTANT_CONVERSION = YES;
				CLANG_WARN_DIRECT_OBJC_ISA_USAGE = YES_ERROR;
				CLANG_WARN_EMPTY_BODY = YES;
				CLANG_WARN_ENUM_CONVERSION = YES;
				CLANG_WARN_INT_CONVERSION = YES;
				CLANG_WARN_OBJC_ROOT_CLASS = YES_ERROR;
				CLANG_WARN_UNREACHABLE_CODE = YES;
				CLANG_WARN__DUPLICATE_METHOD_MATCH = YES;
				"CODE_SIGN_IDENTITY[sdk=iphoneos*]" = "iPhone Developer";
				COPY_PHASE_STRIP = NO;
				DEBUG_INFORMATION_FORMAT = "dwarf-with-dsym";
				DEFINES_MODULE = YES;
				ENABLE_STRICT_OBJC_MSGSEND = YES;
				ENABLE_TESTABILITY = YES;
				GCC_C_LANGUAGE_STANDARD = gnu99;
				GCC_DYNAMIC_NO_PIC = NO;
				GCC_NO_COMMON_BLOCKS = YES;
				GCC_OPTIMIZATION_LEVEL = 0;
				GCC_PREPROCESSOR_DEFINITIONS = (
					"DEBUG=1",
					"$(inherited)",
				);
				GCC_SYMBOLS_PRIVATE_EXTERN = NO;
				GCC_WARN_64_TO_32_BIT_CONVERSION = YES;
				GCC_WARN_ABOUT_RETURN_TYPE = YES_ERROR;
				GCC_WARN_UNDECLARED_SELECTOR = YES;
				GCC_WARN_UNINITIALIZED_AUTOS = YES_AGGRESSIVE;
				GCC_WARN_UNUSED_FUNCTION = YES;
				GCC_WARN_UNUSED_VARIABLE = YES;
				IPHONEOS_DEPLOYMENT_TARGET = 8.0;
				MTL_ENABLE_DEBUG_INFO = YES;
				ONLY_ACTIVE_ARCH = YES;
				SDKROOT = iphoneos;
				SWIFT_OBJC_BRIDGING_HEADER = MyConfessor_Bridging_Header.h;
				SWIFT_OBJC_INTERFACE_HEADER_NAME = MyConfessor_Bridging_Header.h;
				SWIFT_OPTIMIZATION_LEVEL = "-Onone";
			};
			name = Debug;
		};
		716044921B9BF1E700323E6E /* Release */ = {
			isa = XCBuildConfiguration;
			buildSettings = {
				ALWAYS_SEARCH_USER_PATHS = NO;
				CLANG_CXX_LANGUAGE_STANDARD = "gnu++0x";
				CLANG_CXX_LIBRARY = "libc++";
				CLANG_ENABLE_MODULES = YES;
				CLANG_ENABLE_OBJC_ARC = YES;
				CLANG_WARN_BOOL_CONVERSION = YES;
				CLANG_WARN_CONSTANT_CONVERSION = YES;
				CLANG_WARN_DIRECT_OBJC_ISA_USAGE = YES_ERROR;
				CLANG_WARN_EMPTY_BODY = YES;
				CLANG_WARN_ENUM_CONVERSION = YES;
				CLANG_WARN_INT_CONVERSION = YES;
				CLANG_WARN_OBJC_ROOT_CLASS = YES_ERROR;
				CLANG_WARN_UNREACHABLE_CODE = YES;
				CLANG_WARN__DUPLICATE_METHOD_MATCH = YES;
				"CODE_SIGN_IDENTITY[sdk=iphoneos*]" = "iPhone Developer";
				COPY_PHASE_STRIP = NO;
				DEBUG_INFORMATION_FORMAT = "dwarf-with-dsym";
				DEFINES_MODULE = YES;
				ENABLE_NS_ASSERTIONS = NO;
				ENABLE_STRICT_OBJC_MSGSEND = YES;
				GCC_C_LANGUAGE_STANDARD = gnu99;
				GCC_NO_COMMON_BLOCKS = YES;
				GCC_WARN_64_TO_32_BIT_CONVERSION = YES;
				GCC_WARN_ABOUT_RETURN_TYPE = YES_ERROR;
				GCC_WARN_UNDECLARED_SELECTOR = YES;
				GCC_WARN_UNINITIALIZED_AUTOS = YES_AGGRESSIVE;
				GCC_WARN_UNUSED_FUNCTION = YES;
				GCC_WARN_UNUSED_VARIABLE = YES;
				IPHONEOS_DEPLOYMENT_TARGET = 8.0;
				MTL_ENABLE_DEBUG_INFO = NO;
				ONLY_ACTIVE_ARCH = YES;
				SDKROOT = iphoneos;
				SWIFT_OBJC_BRIDGING_HEADER = MyConfessor_Bridging_Header.h;
				SWIFT_OBJC_INTERFACE_HEADER_NAME = MyConfessor_Bridging_Header.h;
				VALIDATE_PRODUCT = YES;
			};
			name = Release;
		};
		716044941B9BF1E700323E6E /* Debug */ = {
			isa = XCBuildConfiguration;
			buildSettings = {
				"ADDITIONAL_SDKS[arch=*]" = "";
				ASSETCATALOG_COMPILER_APPICON_NAME = AppIcon;
				CODE_SIGN_IDENTITY = "iPhone Developer";
				FRAMEWORK_SEARCH_PATHS = (
					"$(inherited)",
					"$(PROJECT_DIR)",
					"$(PROJECT_DIR)/Parse.framework/Headers",
				);
				GENERATE_PKGINFO_FILE = NO;
				INFOPLIST_FILE = MyConfessor/Info.plist;
				IPHONEOS_DEPLOYMENT_TARGET = 9.0;
				LD_RUNPATH_SEARCH_PATHS = "$(inherited) @executable_path/Frameworks";
				ONLY_ACTIVE_ARCH = YES;
				PRODUCT_BUNDLE_IDENTIFIER = "com.carmelheartmedia.$(PRODUCT_NAME:rfc1034identifier)";
				PRODUCT_NAME = "$(TARGET_NAME)";
				SWIFT_OBJC_BRIDGING_HEADER = MyConfessor_Bridging_Header.h;
				SWIFT_OBJC_INTERFACE_HEADER_NAME = MyConfessor_Bridging_Header.h;
				SWIFT_VERSION = 3.0;
			};
			name = Debug;
		};
		716044951B9BF1E700323E6E /* Release */ = {
			isa = XCBuildConfiguration;
			buildSettings = {
				ASSETCATALOG_COMPILER_APPICON_NAME = AppIcon;
				CODE_SIGN_IDENTITY = "iPhone Developer";
				FRAMEWORK_SEARCH_PATHS = (
					"$(inherited)",
					"$(PROJECT_DIR)",
					"$(PROJECT_DIR)/Parse.framework/Headers",
				);
				GENERATE_PKGINFO_FILE = NO;
				INFOPLIST_FILE = MyConfessor/Info.plist;
				IPHONEOS_DEPLOYMENT_TARGET = 9.0;
				LD_RUNPATH_SEARCH_PATHS = "$(inherited) @executable_path/Frameworks";
				ONLY_ACTIVE_ARCH = YES;
				PRODUCT_BUNDLE_IDENTIFIER = "com.carmelheartmedia.$(PRODUCT_NAME:rfc1034identifier)";
				PRODUCT_NAME = "$(TARGET_NAME)";
				SWIFT_OBJC_BRIDGING_HEADER = MyConfessor_Bridging_Header.h;
				SWIFT_OBJC_INTERFACE_HEADER_NAME = MyConfessor_Bridging_Header.h;
				SWIFT_VERSION = 3.0;
			};
			name = Release;
		};
		716044971B9BF1E700323E6E /* Debug */ = {
			isa = XCBuildConfiguration;
			buildSettings = {
				BUNDLE_LOADER = "$(TEST_HOST)";
				FRAMEWORK_SEARCH_PATHS = (
					"$(SDKROOT)/Developer/Library/Frameworks",
					"$(inherited)",
					"$(PROJECT_DIR)",
					"$(PROJECT_DIR)/Parse.framework/Headers",
				);
				GCC_PREPROCESSOR_DEFINITIONS = (
					"DEBUG=1",
					"$(inherited)",
				);
				INFOPLIST_FILE = MyConfessorTests/Info.plist;
				LD_RUNPATH_SEARCH_PATHS = "$(inherited) @executable_path/Frameworks @loader_path/Frameworks";
				PRODUCT_BUNDLE_IDENTIFIER = "com.carmelheartmedia.$(PRODUCT_NAME:rfc1034identifier)";
				PRODUCT_NAME = "$(TARGET_NAME)";
				SWIFT_VERSION = 3.0;
				TEST_HOST = "$(BUILT_PRODUCTS_DIR)/MyConfessor.app/MyConfessor";
			};
			name = Debug;
		};
		716044981B9BF1E700323E6E /* Release */ = {
			isa = XCBuildConfiguration;
			buildSettings = {
				BUNDLE_LOADER = "$(TEST_HOST)";
				FRAMEWORK_SEARCH_PATHS = (
					"$(SDKROOT)/Developer/Library/Frameworks",
					"$(inherited)",
					"$(PROJECT_DIR)",
					"$(PROJECT_DIR)/Parse.framework/Headers",
				);
				INFOPLIST_FILE = MyConfessorTests/Info.plist;
				LD_RUNPATH_SEARCH_PATHS = "$(inherited) @executable_path/Frameworks @loader_path/Frameworks";
				PRODUCT_BUNDLE_IDENTIFIER = "com.carmelheartmedia.$(PRODUCT_NAME:rfc1034identifier)";
				PRODUCT_NAME = "$(TARGET_NAME)";
				SWIFT_VERSION = 3.0;
				TEST_HOST = "$(BUILT_PRODUCTS_DIR)/MyConfessor.app/MyConfessor";
			};
			name = Release;
		};
/* End XCBuildConfiguration section */

/* Begin XCConfigurationList section */
		7160446D1B9BF1E500323E6E /* Build configuration list for PBXProject "MyConfessor" */ = {
			isa = XCConfigurationList;
			buildConfigurations = (
				716044911B9BF1E700323E6E /* Debug */,
				716044921B9BF1E700323E6E /* Release */,
			);
			defaultConfigurationIsVisible = 0;
			defaultConfigurationName = Release;
		};
		716044931B9BF1E700323E6E /* Build configuration list for PBXNativeTarget "MyConfessor" */ = {
			isa = XCConfigurationList;
			buildConfigurations = (
				716044941B9BF1E700323E6E /* Debug */,
				716044951B9BF1E700323E6E /* Release */,
			);
			defaultConfigurationIsVisible = 0;
			defaultConfigurationName = Release;
		};
		716044961B9BF1E700323E6E /* Build configuration list for PBXNativeTarget "MyConfessorTests" */ = {
			isa = XCConfigurationList;
			buildConfigurations = (
				716044971B9BF1E700323E6E /* Debug */,
				716044981B9BF1E700323E6E /* Release */,
			);
			defaultConfigurationIsVisible = 0;
			defaultConfigurationName = Release;
		};
/* End XCConfigurationList section */
	};
	rootObject = 7160446A1B9BF1E500323E6E /* Project object */;
}
